
Microsoft Visual Studio Solution File, Format Version 12.00
# Visual Studio Version 17
VisualStudioVersion = 17.0.31903.59
MinimumVisualStudioVersion = 10.0.40219.1
Project("{2150E333-8FDC-42A3-9474-1A3956D46DE8}") = "src", "src", "{1EE33D33-4D54-4A9E-938B-E704043E6B33}"
EndProject
Project("{2150E333-8FDC-42A3-9474-1A3956D46DE8}") = "tests", "tests", "{B2C3D4E5-F6A7-8901-BCDE-F23456789012}"
EndProject
Project("{FAE04EC0-301F-11D3-BF4B-00C04F79EFBC}") = "ImpresorasService.Worker", "src\ImpresorasService.Worker\ImpresorasService.Worker.csproj", "{D8E7AE98-0271-4D9E-95F8-BD75DD2152BA}"
EndProject
Project("{FAE04EC0-301F-11D3-BF4B-00C04F79EFBC}") = "ImpresorasService.Api", "src\ImpresorasService.Api\ImpresorasService.Api.csproj", "{FC9FBBEE-1159-4DAD-BA38-43DA87172D08}"
EndProject
Project("{FAE04EC0-301F-11D3-BF4B-00C04F79EFBC}") = "ImpresorasService.Api.IntegrationTests", "tests\ImpresorasService.Api.IntegrationTests\ImpresorasService.Api.IntegrationTests.csproj", "{A1B2C3D4-E5F6-7890-ABCD-EF1234567890}"
EndProject
Project("{FAE04EC0-301F-11D3-BF4B-00C04F79EFBC}") = "ImpresorasService.Core", "src\ImpresorasService.Core\ImpresorasService.Core.csproj", "{4A8E4A03-5DBE-4D56-B733-1A12C3EFC89E}"
EndProject
Global
	GlobalSection(SolutionConfigurationPlatforms) = preSolution
		Debug|Any CPU = Debug|Any CPU
		Release|Any CPU = Release|Any CPU
	EndGlobalSection
	GlobalSection(SolutionProperties) = preSolution
		HideSolutionNode = FALSE
	EndGlobalSection
	GlobalSection(ProjectConfigurationPlatforms) = postSolution
		{D8E7AE98-0271-4D9E-95F8-BD75DD2152BA}.Debug|Any CPU.ActiveCfg = Debug|Any CPU
		{D8E7AE98-0271-4D9E-95F8-BD75DD2152BA}.Debug|Any CPU.Build.0 = Debug|Any CPU
		{D8E7AE98-0271-4D9E-95F8-BD75DD2152BA}.Release|Any CPU.ActiveCfg = Release|Any CPU
		{D8E7AE98-0271-4D9E-95F8-BD75DD2152BA}.Release|Any CPU.Build.0 = Release|Any CPU
		{FC9FBBEE-1159-4DAD-BA38-43DA87172D08}.Debug|Any CPU.ActiveCfg = Debug|Any CPU
		{FC9FBBEE-1159-4DAD-BA38-43DA87172D08}.Debug|Any CPU.Build.0 = Debug|Any CPU
		{FC9FBBEE-1159-4DAD-BA38-43DA87172D08}.Release|Any CPU.ActiveCfg = Release|Any CPU
		{FC9FBBEE-1159-4DAD-BA38-43DA87172D08}.Release|Any CPU.Build.0 = Release|Any CPU
		{A1B2C3D4-E5F6-7890-ABCD-EF1234567890}.Debug|Any CPU.ActiveCfg = Debug|Any CPU
		{A1B2C3D4-E5F6-7890-ABCD-EF1234567890}.Debug|Any CPU.Build.0 = Debug|Any CPU
		{A1B2C3D4-E5F6-7890-ABCD-EF1234567890}.Release|Any CPU.ActiveCfg = Release|Any CPU
		{A1B2C3D4-E5F6-7890-ABCD-EF1234567890}.Release|Any CPU.Build.0 = Release|Any CPU
		{4A8E4A03-5DBE-4D56-B733-1A12C3EFC89E}.Debug|Any CPU.ActiveCfg = Debug|Any CPU
		{4A8E4A03-5DBE-4D56-B733-1A12C3EFC89E}.Debug|Any CPU.Build.0 = Debug|Any CPU
		{4A8E4A03-5DBE-4D56-B733-1A12C3EFC89E}.Release|Any CPU.ActiveCfg = Release|Any CPU
		{4A8E4A03-5DBE-4D56-B733-1A12C3EFC89E}.Release|Any CPU.Build.0 = Release|Any CPU
	EndGlobalSection
	GlobalSection(NestedProjects) = preSolution
		{D8E7AE98-0271-4D9E-95F8-BD75DD2152BA} = {1EE33D33-4D54-4A9E-938B-E704043E6B33}
		{FC9FBBEE-1159-4DAD-BA38-43DA87172D08} = {1EE33D33-4D54-4A9E-938B-E704043E6B33}
		{A1B2C3D4-E5F6-7890-ABCD-EF1234567890} = {B2C3D4E5-F6A7-8901-BCDE-F23456789012}
		{4A8E4A03-5DBE-4D56-B733-1A12C3EFC89E} = {1EE33D33-4D54-4A9E-938B-E704043E6B33}
	EndGlobalSection
EndGlobal
